
Microsoft Visual Studio Solution File, Format Version 12.00
# Visual Studio Version 17
VisualStudioVersion = 17.10.35013.160
MinimumVisualStudioVersion = 10.0.40219.1
Project("{9A19103F-16F7-4668-BE54-9A1E7A4F7556}") = "FitTrek.API", "FitTrek.API\FitTrek.API.csproj", "{C5261FEF-477F-4266-A778-59871B1758DD}"
EndProject
Project("{9A19103F-16F7-4668-BE54-9A1E7A4F7556}") = "FitTrek.Application", "FitTrek.Application\FitTrek.Application.csproj", "{B5FFC6F3-03AD-4D06-916F-816D10C6330F}"
EndProject
Project("{9A19103F-16F7-4668-BE54-9A1E7A4F7556}") = "FitTrek.Domain", "FitTrek.Domain\FitTrek.Domain.csproj", "{CDB10C43-A5C1-4AD7-A87B-2E1B324CEC1A}"
EndProject
Project("{9A19103F-16F7-4668-BE54-9A1E7A4F7556}") = "FitTrek.Infrastructure", "FitTrek.Infrastructure\FitTrek.Infrastructure.csproj", "{DE375493-317C-4815-952B-768EEC6D5DC2}"
EndProject
Global
	GlobalSection(SolutionConfigurationPlatforms) = preSolution
		Debug|Any CPU = Debug|Any CPU
		Release|Any CPU = Release|Any CPU
	EndGlobalSection
	GlobalSection(ProjectConfigurationPlatforms) = postSolution
		{C5261FEF-477F-4266-A778-59871B1758DD}.Debug|Any CPU.ActiveCfg = Debug|Any CPU
		{C5261FEF-477F-4266-A778-59871B1758DD}.Debug|Any CPU.Build.0 = Debug|Any CPU
		{C5261FEF-477F-4266-A778-59871B1758DD}.Release|Any CPU.ActiveCfg = Release|Any CPU
		{C5261FEF-477F-4266-A778-59871B1758DD}.Release|Any CPU.Build.0 = Release|Any CPU
		{B5FFC6F3-03AD-4D06-916F-816D10C6330F}.Debug|Any CPU.ActiveCfg = Debug|Any CPU
		{B5FFC6F3-03AD-4D06-916F-816D10C6330F}.Debug|Any CPU.Build.0 = Debug|Any CPU
		{B5FFC6F3-03AD-4D06-916F-816D10C6330F}.Release|Any CPU.ActiveCfg = Release|Any CPU
		{B5FFC6F3-03AD-4D06-916F-816D10C6330F}.Release|Any CPU.Build.0 = Release|Any CPU
		{CDB10C43-A5C1-4AD7-A87B-2E1B324CEC1A}.Debug|Any CPU.ActiveCfg = Debug|Any CPU
		{CDB10C43-A5C1-4AD7-A87B-2E1B324CEC1A}.Debug|Any CPU.Build.0 = Debug|Any CPU
		{CDB10C43-A5C1-4AD7-A87B-2E1B324CEC1A}.Release|Any CPU.ActiveCfg = Release|Any CPU
		{CDB10C43-A5C1-4AD7-A87B-2E1B324CEC1A}.Release|Any CPU.Build.0 = Release|Any CPU
		{DE375493-317C-4815-952B-768EEC6D5DC2}.Debug|Any CPU.ActiveCfg = Debug|Any CPU
		{DE375493-317C-4815-952B-768EEC6D5DC2}.Debug|Any CPU.Build.0 = Debug|Any CPU
		{DE375493-317C-4815-952B-768EEC6D5DC2}.Release|Any CPU.ActiveCfg = Release|Any CPU
		{DE375493-317C-4815-952B-768EEC6D5DC2}.Release|Any CPU.Build.0 = Release|Any CPU
	EndGlobalSection
	GlobalSection(SolutionProperties) = preSolution
		HideSolutionNode = FALSE
	EndGlobalSection
	GlobalSection(ExtensibilityGlobals) = postSolution
		SolutionGuid = {B74CB336-7AB2-4391-9180-89E4FB1C9A2F}
	EndGlobalSection
EndGlobal
